
Microsoft Visual Studio Solution File, Format Version 12.00
# Visual Studio Version 16
VisualStudioVersion = 16.0.31729.503
MinimumVisualStudioVersion = 10.0.40219.1
Project("{FAE04EC0-301F-11D3-BF4B-00C04F79EFBC}") = "Boolli", "Boolli\Boolli.csproj", "{30298E8A-8323-48A6-BB0F-0E4EDC886212}"
EndProject
Project("{FAE04EC0-301F-11D3-BF4B-00C04F79EFBC}") = "Playground", "Playground\Playground.csproj", "{17956798-AC7C-48A6-9539-9830A00B0F11}"
EndProject
Project("{FAE04EC0-301F-11D3-BF4B-00C04F79EFBC}") = "Boolli.UnitTests", "Boolli.UnitTests\Boolli.UnitTests.csproj", "{0AFE2AC6-17E6-41B6-90E1-D8B6499A2098}"
EndProject
Project("{2150E333-8FDC-42A3-9474-1A3956D46DE8}") = "Solution Items", "Solution Items", "{ED886598-C70D-4FD8-A6FE-50659BD7F168}"
	ProjectSection(SolutionItems) = preProject
		Boolli-icon-64x64.png = Boolli-icon-64x64.png
		Boolli.nuspec = Boolli.nuspec
		license.txt = license.txt
		README.md = README.md
	EndProjectSection
EndProject
Project("{FAE04EC0-301F-11D3-BF4B-00C04F79EFBC}") = "SampleScenario", "SampleScenario\SampleScenario.csproj", "{881766F0-6B3A-49C2-B5AF-8802F12411AA}"
EndProject
Global
	GlobalSection(SolutionConfigurationPlatforms) = preSolution
		Debug|Any CPU = Debug|Any CPU
		Release|Any CPU = Release|Any CPU
	EndGlobalSection
	GlobalSection(ProjectConfigurationPlatforms) = postSolution
		{30298E8A-8323-48A6-BB0F-0E4EDC886212}.Debug|Any CPU.ActiveCfg = Debug|Any CPU
		{30298E8A-8323-48A6-BB0F-0E4EDC886212}.Debug|Any CPU.Build.0 = Debug|Any CPU
		{30298E8A-8323-48A6-BB0F-0E4EDC886212}.Release|Any CPU.ActiveCfg = Release|Any CPU
		{30298E8A-8323-48A6-BB0F-0E4EDC886212}.Release|Any CPU.Build.0 = Release|Any CPU
		{17956798-AC7C-48A6-9539-9830A00B0F11}.Debug|Any CPU.ActiveCfg = Debug|Any CPU
		{17956798-AC7C-48A6-9539-9830A00B0F11}.Debug|Any CPU.Build.0 = Debug|Any CPU
		{17956798-AC7C-48A6-9539-9830A00B0F11}.Release|Any CPU.ActiveCfg = Release|Any CPU
		{17956798-AC7C-48A6-9539-9830A00B0F11}.Release|Any CPU.Build.0 = Release|Any CPU
		{0AFE2AC6-17E6-41B6-90E1-D8B6499A2098}.Debug|Any CPU.ActiveCfg = Debug|Any CPU
		{0AFE2AC6-17E6-41B6-90E1-D8B6499A2098}.Debug|Any CPU.Build.0 = Debug|Any CPU
		{0AFE2AC6-17E6-41B6-90E1-D8B6499A2098}.Release|Any CPU.ActiveCfg = Release|Any CPU
		{0AFE2AC6-17E6-41B6-90E1-D8B6499A2098}.Release|Any CPU.Build.0 = Release|Any CPU
		{881766F0-6B3A-49C2-B5AF-8802F12411AA}.Debug|Any CPU.ActiveCfg = Debug|Any CPU
		{881766F0-6B3A-49C2-B5AF-8802F12411AA}.Debug|Any CPU.Build.0 = Debug|Any CPU
		{881766F0-6B3A-49C2-B5AF-8802F12411AA}.Release|Any CPU.ActiveCfg = Release|Any CPU
		{881766F0-6B3A-49C2-B5AF-8802F12411AA}.Release|Any CPU.Build.0 = Release|Any CPU
	EndGlobalSection
	GlobalSection(SolutionProperties) = preSolution
		HideSolutionNode = FALSE
	EndGlobalSection
	GlobalSection(ExtensibilityGlobals) = postSolution
		SolutionGuid = {9A955E3B-5754-4E1B-8E03-80DC88FCEC9A}
	EndGlobalSection
EndGlobal
